
Microsoft Visual Studio Solution File, Format Version 12.00
# Visual Studio Version 17
VisualStudioVersion = 17.9.34622.214
MinimumVisualStudioVersion = 10.0.40219.1
Project("{2150E333-8FDC-42A3-9474-1A3956D46DE8}") = "Frontends", "Frontends", "{AEF2D59C-D715-4D80-9FE7-7ABE6F623079}"
EndProject
Project("{2150E333-8FDC-42A3-9474-1A3956D46DE8}") = "IdentityServer", "IdentityServer", "{2C8F9743-6806-482C-A7DC-D522334A7684}"
EndProject
Project("{2150E333-8FDC-42A3-9474-1A3956D46DE8}") = "Services", "Services", "{694B2179-7A14-4B7C-A3E9-FAD9C7F909BA}"
EndProject
Project("{2150E333-8FDC-42A3-9474-1A3956D46DE8}") = "Basket", "Basket", "{7C5B2A6E-78A0-417F-9A71-BC52CA0E6098}"
EndProject
Project("{2150E333-8FDC-42A3-9474-1A3956D46DE8}") = "Catalog", "Catalog", "{3F452D0B-98EF-46E0-B1A8-8C203438C99C}"
EndProject
Project("{2150E333-8FDC-42A3-9474-1A3956D46DE8}") = "Comment", "Comment", "{3486C227-4F0F-4274-9BE7-73DC940049FE}"
EndProject
Project("{2150E333-8FDC-42A3-9474-1A3956D46DE8}") = "Delivery", "Delivery", "{28ED3810-9300-4837-ABBB-48D8E37AEFBA}"
EndProject
Project("{2150E333-8FDC-42A3-9474-1A3956D46DE8}") = "Order", "Order", "{0A6FF7EE-0EE5-4FC5-95AD-74CEFD1BB03E}"
EndProject
Project("{2150E333-8FDC-42A3-9474-1A3956D46DE8}") = "Payment", "Payment", "{E685B1ED-D4D8-4F2D-8289-3BAEAB81A66E}"
EndProject
Project("{9A19103F-16F7-4668-BE54-9A1E7A4F7556}") = "TakeAway.Catalog", "Services\Catalog\TakeAway.Catalog\TakeAway.Catalog.csproj", "{5EE4A74E-C919-41A5-9668-EA85C2DF52D3}"
EndProject
Project("{2150E333-8FDC-42A3-9474-1A3956D46DE8}") = "Discount", "Discount", "{DED3A572-72BB-4DE5-9417-E1AE6A890B15}"
EndProject
Project("{FAE04EC0-301F-11D3-BF4B-00C04F79EFBC}") = "TakeAway.Discount", "Services\Discount\TakeAway.Discount\TakeAway.Discount.csproj", "{DE304BDE-4789-474D-B4E0-D99F22975FBA}"
EndProject
Global
	GlobalSection(SolutionConfigurationPlatforms) = preSolution
		Debug|Any CPU = Debug|Any CPU
		Release|Any CPU = Release|Any CPU
	EndGlobalSection
	GlobalSection(ProjectConfigurationPlatforms) = postSolution
		{5EE4A74E-C919-41A5-9668-EA85C2DF52D3}.Debug|Any CPU.ActiveCfg = Debug|Any CPU
		{5EE4A74E-C919-41A5-9668-EA85C2DF52D3}.Debug|Any CPU.Build.0 = Debug|Any CPU
		{5EE4A74E-C919-41A5-9668-EA85C2DF52D3}.Release|Any CPU.ActiveCfg = Release|Any CPU
		{5EE4A74E-C919-41A5-9668-EA85C2DF52D3}.Release|Any CPU.Build.0 = Release|Any CPU
		{DE304BDE-4789-474D-B4E0-D99F22975FBA}.Debug|Any CPU.ActiveCfg = Debug|Any CPU
		{DE304BDE-4789-474D-B4E0-D99F22975FBA}.Debug|Any CPU.Build.0 = Debug|Any CPU
		{DE304BDE-4789-474D-B4E0-D99F22975FBA}.Release|Any CPU.ActiveCfg = Release|Any CPU
		{DE304BDE-4789-474D-B4E0-D99F22975FBA}.Release|Any CPU.Build.0 = Release|Any CPU
	EndGlobalSection
	GlobalSection(SolutionProperties) = preSolution
		HideSolutionNode = FALSE
	EndGlobalSection
	GlobalSection(NestedProjects) = preSolution
		{7C5B2A6E-78A0-417F-9A71-BC52CA0E6098} = {694B2179-7A14-4B7C-A3E9-FAD9C7F909BA}
		{3F452D0B-98EF-46E0-B1A8-8C203438C99C} = {694B2179-7A14-4B7C-A3E9-FAD9C7F909BA}
		{3486C227-4F0F-4274-9BE7-73DC940049FE} = {694B2179-7A14-4B7C-A3E9-FAD9C7F909BA}
		{28ED3810-9300-4837-ABBB-48D8E37AEFBA} = {694B2179-7A14-4B7C-A3E9-FAD9C7F909BA}
		{0A6FF7EE-0EE5-4FC5-95AD-74CEFD1BB03E} = {694B2179-7A14-4B7C-A3E9-FAD9C7F909BA}
		{E685B1ED-D4D8-4F2D-8289-3BAEAB81A66E} = {694B2179-7A14-4B7C-A3E9-FAD9C7F909BA}
		{5EE4A74E-C919-41A5-9668-EA85C2DF52D3} = {3F452D0B-98EF-46E0-B1A8-8C203438C99C}
		{DED3A572-72BB-4DE5-9417-E1AE6A890B15} = {694B2179-7A14-4B7C-A3E9-FAD9C7F909BA}
		{DE304BDE-4789-474D-B4E0-D99F22975FBA} = {DED3A572-72BB-4DE5-9417-E1AE6A890B15}
	EndGlobalSection
	GlobalSection(ExtensibilityGlobals) = postSolution
		SolutionGuid = {2F7C16B8-937B-43C1-B233-DBBC389B9824}
	EndGlobalSection
EndGlobal
